hash: a4cceb688e03163f662ea209a224912d318933f44c87a50fa8652afc24cce8c3
updated: 2017-01-10T22:36:25.433282725-05:00
imports:
- name: github.com/dgrijalva/jwt-go
  version: a601269ab70c205d26370c16f7c81e9017c14e04
- name: github.com/labstack/echo
  version: 8d504c1b699c757b267255c53b3e5219f9974abc
  subpackages:
  - middleware
- name: github.com/labstack/gommon
  version: c8c07aa087422c146b86d2f79556b450a8e630a1
  subpackages:
  - bytes
  - color
  - log
  - random
- name: github.com/mattn/go-colorable
  version: d228849504861217f796da67fae4f6e347643f15
- name: github.com/mattn/go-isatty
  version: 30a891c33c7cde7b02a981314b4228ec99380cca
- name: github.com/namsral/flag
  version: 71ceffbeb0ba60fccc853971bb3ed4d7d90bfd04
- name: github.com/tylerb/graceful
  version: d37e108c89765a8e307f15b8fb2ecd10575da6bb
- name: github.com/valyala/fasttemplate
  version: 3b874956e03f1636d171bda64b130f9135f42cff
- name: golang.org/x/crypto
  version: 7c6cc321c680f03b9ef0764448e780704f486b51
  subpackages:
  - acme
  - acme/autocert
- name: golang.org/x/net
  version: 60c41d1de8da134c05b7b40154a9a82bf5b7edb9
  subpackages:
  - context
  - context/ctxhttp
- name: golang.org/x/sys
  version: d75a52659825e75fff6158388dddc6a5b04f9ba5
  subpackages:
  - unix
testImports: []
